github.com/DATA-DOG/go-sqlmock v1.3.3 h1:CWUqKXe0s8A2z6qCgkP4Kru7wC11YoAnoupUKFDnH08=
github.com/DATA-DOG/go-sqlmock v1.3.3/go.mod h1:f/Ixk793poVmq4qj/V1dPUg2JEAKC73Q5eFN3EC/SaM=
github.com/lucasb-eyer/go-colorful v1.0.2 h1:mCMFu6PgSozg9tDNMMK3g18oJBX7oYGrC09mS6CXfO4=
github.com/lucasb-eyer/go-colorful v1.0.2/go.mod h1:0MS4r+7BZKSJ5mw4/S5MPN+qHFF1fYclkSPilDOKW0s=
github.com/mattn/go-runewidth v0.0.4 h1:2BvfKmzob6Bmd4YsL0zygOqfdFnK7GR4QL06Do4/p7Y=
github.com/mattn/go-runewidth v0.0.4/go.mod h1:LwmH8dsx7+W8Uxz3IHJYH5QSwggIsqBzpuz5H//U1FU=
github.com/nsf/termbox-go v0.0.0-20190325093121-288510b9734e h1:Vbib8wJAaMEF9jusI/kMSYMr/LtRzM7+F9MJgt/nH8k=
github.com/nsf/termbox-go v0.0.0-20190325093121-288510b9734e/go.mod h1:IuKpRQcYE1Tfu+oAQqaLisqDeXgjyyltCfsaoYN18NQ=
github.com/sebashwa/iwouldlove v0.0.0-20171025223116-7828307c0c7d h1:ek7PjE+twdE3EVYY+syzFptYa68m+w937m7UdGEnMw0=
github.com/sebashwa/iwouldlove v0.0.0-20171025223116-7828307c0c7d/go.mod h1:sDfaK6+helhd3B6f17aptCikuN2B748oo3hsapsdgq4=
github.com/sebashwa/vixl44 v0.0.0-20171026205401-8001e33e9030 h1:GR0lSXAYzNCkCgC8z832QXbo43o2O3Fjs3rqLHhVVC4=
github.com/sebashwa/vixl44 v0.0.0-20171026205401-8001e33e9030/go.mod h1:RcQbKXdwctaQ7bZOJCa19GXe/0wlF5S/vpFN63cHrow=
